
Microsoft Visual Studio Solution File, Format Version 12.00
# Visual Studio 15
Project("{FAE04EC0-301F-11D3-BF4B-00C04F79EFBC}") = "UnityEngine.TestRunner", "UnityEngine.TestRunner.csproj", "{18F91D5B-4F33-3290-9AC9-62D9FD193D52}"
EndProject
Project("{FAE04EC0-301F-11D3-BF4B-00C04F79EFBC}") = "UnityEngine.UI", "UnityEngine.UI.csproj", "{16341888-A1C7-CDD2-A5E9-128418F8901B}"
EndProject
Project("{FAE04EC0-301F-11D3-BF4B-00C04F79EFBC}") = "Unity.VisualScripting.Flow", "Unity.VisualScripting.Flow.csproj", "{1EFE6FDA-5374-A939-AC53-C47F7517FCE3}"
EndProject
Project("{FAE04EC0-301F-11D3-BF4B-00C04F79EFBC}") = "Unity.VisualScripting.State", "Unity.VisualScripting.State.csproj", "{599E1A92-6558-49B5-026D-E55852AE9D23}"
EndProject
Project("{FAE04EC0-301F-11D3-BF4B-00C04F79EFBC}") = "Unity.VisualScripting.Core", "Unity.VisualScripting.Core.csproj", "{1066511C-7E0A-58DB-DAFE-3A8CE8781F46}"
EndProject
Project("{FAE04EC0-301F-11D3-BF4B-00C04F79EFBC}") = "Unity.TextMeshPro", "Unity.TextMeshPro.csproj", "{2C67D4D2-3A71-6FD4-82F8-C239C1E4C709}"
EndProject
Project("{FAE04EC0-301F-11D3-BF4B-00C04F79EFBC}") = "Unity.Timeline", "Unity.Timeline.csproj", "{89E850FB-AE1A-6938-6EF6-DD6A504DC8A9}"
EndProject
Project("{FAE04EC0-301F-11D3-BF4B-00C04F79EFBC}") = "Assembly-CSharp", "Assembly-CSharp.csproj", "{20E2869C-2326-2B34-AC02-8A09E7B50621}"
EndProject
Project("{FAE04EC0-301F-11D3-BF4B-00C04F79EFBC}") = "Unity.PlasticSCM.Editor", "Unity.PlasticSCM.Editor.csproj", "{4B67A37B-3830-9475-E60C-3A1D8E673683}"
EndProject
Project("{FAE04EC0-301F-11D3-BF4B-00C04F79EFBC}") = "Unity.VisualScripting.Core.Editor", "Unity.VisualScripting.Core.Editor.csproj", "{B20A3C3B-5B1D-C2F8-617B-DF63367DE278}"
EndProject
Project("{FAE04EC0-301F-11D3-BF4B-00C04F79EFBC}") = "Unity.VisualScripting.Flow.Editor", "Unity.VisualScripting.Flow.Editor.csproj", "{07BF93E0-5D3E-F43A-954E-52350F25B2C7}"
EndProject
Project("{FAE04EC0-301F-11D3-BF4B-00C04F79EFBC}") = "Unity.VisualStudio.Editor", "Unity.VisualStudio.Editor.csproj", "{BC55F4E8-8120-16F1-1DE0-1E7F8CBA622B}"
EndProject
Project("{FAE04EC0-301F-11D3-BF4B-00C04F79EFBC}") = "Unity.Timeline.Editor", "Unity.Timeline.Editor.csproj", "{22A7B325-E652-E10D-7264-3CA702D15884}"
EndProject
Project("{FAE04EC0-301F-11D3-BF4B-00C04F79EFBC}") = "Unity.VisualScripting.State.Editor", "Unity.VisualScripting.State.Editor.csproj", "{5AC0C0B4-68E1-0263-7C98-CC40AACB94C4}"
EndProject
Project("{FAE04EC0-301F-11D3-BF4B-00C04F79EFBC}") = "Unity.TextMeshPro.Editor", "Unity.TextMeshPro.Editor.csproj", "{CCD87C0D-001A-E59B-1F4E-94B35165C641}"
EndProject
Project("{FAE04EC0-301F-11D3-BF4B-00C04F79EFBC}") = "Unity.VisualScripting.SettingsProvider.Editor", "Unity.VisualScripting.SettingsProvider.Editor.csproj", "{96ADCAAD-947B-E8E4-B59A-9F742DC0B65A}"
EndProject
Project("{FAE04EC0-301F-11D3-BF4B-00C04F79EFBC}") = "Unity.CollabProxy.Editor", "Unity.CollabProxy.Editor.csproj", "{9D9A7CA1-14D1-790E-CBBA-A06BDC5313ED}"
EndProject
Project("{FAE04EC0-301F-11D3-BF4B-00C04F79EFBC}") = "UnityEditor.TestRunner", "UnityEditor.TestRunner.csproj", "{96A72ECA-7291-2825-D34F-C4C768CE7E67}"
EndProject
Project("{FAE04EC0-301F-11D3-BF4B-00C04F79EFBC}") = "Unity.TestTools.CodeCoverage.Editor", "Unity.TestTools.CodeCoverage.Editor.csproj", "{88BB9628-F379-3536-89AC-C9602CAD1D70}"
EndProject
Project("{FAE04EC0-301F-11D3-BF4B-00C04F79EFBC}") = "Unity.Rider.Editor", "Unity.Rider.Editor.csproj", "{36CF2B85-1485-3A61-A852-72E7A50FC644}"
EndProject
Project("{FAE04EC0-301F-11D3-BF4B-00C04F79EFBC}") = "Unity.Services.Core.Editor", "Unity.Services.Core.Editor.csproj", "{AE006E9F-85EA-A94F-AE08-7D8A492232FE}"
EndProject
Project("{FAE04EC0-301F-11D3-BF4B-00C04F79EFBC}") = "Unity.Performance.Profile-Analyzer.Editor", "Unity.Performance.Profile-Analyzer.Editor.csproj", "{31446ECD-C6CC-A310-7EE1-74DF403846EF}"
EndProject
Project("{FAE04EC0-301F-11D3-BF4B-00C04F79EFBC}") = "Unity.VSCode.Editor", "Unity.VSCode.Editor.csproj", "{6C77AC76-6375-9DD6-DAF7-C6D6CF999C6D}"
EndProject
Project("{FAE04EC0-301F-11D3-BF4B-00C04F79EFBC}") = "UnityEditor.UI", "UnityEditor.UI.csproj", "{2314096D-6821-5872-C8B4-FD7A87D8CF91}"
EndProject
Project("{FAE04EC0-301F-11D3-BF4B-00C04F79EFBC}") = "Unity.TestTools.CodeCoverage.Editor.OpenCover.Model", "Unity.TestTools.CodeCoverage.Editor.OpenCover.Model.csproj", "{25D3F578-4DE3-DC7E-E6F0-1316BD17108A}"
EndProject
Project("{FAE04EC0-301F-11D3-BF4B-00C04F79EFBC}") = "Unity.EditorCoroutines.Editor", "Unity.EditorCoroutines.Editor.csproj", "{2613DE92-1C2E-1F8E-F99E-962741169241}"
EndProject
Project("{FAE04EC0-301F-11D3-BF4B-00C04F79EFBC}") = "Unity.Settings.Editor", "Unity.Settings.Editor.csproj", "{D2E3045A-29E7-9B8D-7E4B-A13371C2DB9C}"
EndProject
Project("{FAE04EC0-301F-11D3-BF4B-00C04F79EFBC}") = "Unity.TestTools.CodeCoverage.Editor.OpenCover.Mono.Reflection", "Unity.TestTools.CodeCoverage.Editor.OpenCover.Mono.Reflection.csproj", "{EEE99E28-7A2F-979E-365D-3353787B8BBD}"
EndProject
Project("{FAE04EC0-301F-11D3-BF4B-00C04F79EFBC}") = "Unity.VisualScripting.Shared.Editor", "Unity.VisualScripting.Shared.Editor.csproj", "{C1690553-6D2E-CC37-28D1-C0540934B7DD}"
EndProject
Project("{FAE04EC0-301F-11D3-BF4B-00C04F79EFBC}") = "UnityEngine.TestRunner", "UnityEngine.TestRunner.Player.csproj", "{037634EE-D6FB-F934-E5FB-0B95B888397E}"
EndProject
Project("{FAE04EC0-301F-11D3-BF4B-00C04F79EFBC}") = "UnityEngine.UI", "UnityEngine.UI.Player.csproj", "{E89BBD8B-05A1-741F-D317-455223197130}"
EndProject
Project("{FAE04EC0-301F-11D3-BF4B-00C04F79EFBC}") = "Unity.VisualScripting.Flow", "Unity.VisualScripting.Flow.Player.csproj", "{20E99733-9CAE-9C84-3398-BD01E81BFCF3}"
EndProject
Project("{FAE04EC0-301F-11D3-BF4B-00C04F79EFBC}") = "Unity.VisualScripting.State", "Unity.VisualScripting.State.Player.csproj", "{5E5BE945-6896-1FC2-E78B-A374576C9023}"
EndProject
Project("{FAE04EC0-301F-11D3-BF4B-00C04F79EFBC}") = "Unity.VisualScripting.Core", "Unity.VisualScripting.Core.Player.csproj", "{2B813BDD-F1AF-150F-323F-FF960958AC61}"
EndProject
Project("{FAE04EC0-301F-11D3-BF4B-00C04F79EFBC}") = "Unity.TextMeshPro", "Unity.TextMeshPro.Player.csproj", "{DB3585F0-C0A3-3E73-FAA1-9A91B61DAF19}"
EndProject
Project("{FAE04EC0-301F-11D3-BF4B-00C04F79EFBC}") = "Unity.Timeline", "Unity.Timeline.Player.csproj", "{C9920882-240C-2BC9-1620-64637D3F8237}"
EndProject
Project("{FAE04EC0-301F-11D3-BF4B-00C04F79EFBC}") = "Assembly-CSharp", "Assembly-CSharp.Player.csproj", "{128B1B25-5C67-5E43-CCD6-4D5F6182F34D}"
EndProject
Global
	GlobalSection(SolutionConfigurationPlatforms) = preSolution
		Debug|Any CPU = Debug|Any CPU
		Release|Any CPU = Release|Any CPU
	EndGlobalSection
	GlobalSection(ProjectConfigurationPlatforms) = postSolution
		{18F91D5B-4F33-3290-9AC9-62D9FD193D52}.Debug|Any CPU.ActiveCfg = Debug|Any CPU
		{18F91D5B-4F33-3290-9AC9-62D9FD193D52}.Debug|Any CPU.Build.0 = Debug|Any CPU
		{18F91D5B-4F33-3290-9AC9-62D9FD193D52}.Release|Any CPU.ActiveCfg = Release|Any CPU
		{18F91D5B-4F33-3290-9AC9-62D9FD193D52}.Release|Any CPU.Build.0 = Release|Any CPU
		{16341888-A1C7-CDD2-A5E9-128418F8901B}.Debug|Any CPU.ActiveCfg = Debug|Any CPU
		{16341888-A1C7-CDD2-A5E9-128418F8901B}.Debug|Any CPU.Build.0 = Debug|Any CPU
		{16341888-A1C7-CDD2-A5E9-128418F8901B}.Release|Any CPU.ActiveCfg = Release|Any CPU
		{16341888-A1C7-CDD2-A5E9-128418F8901B}.Release|Any CPU.Build.0 = Release|Any CPU
		{1EFE6FDA-5374-A939-AC53-C47F7517FCE3}.Debug|Any CPU.ActiveCfg = Debug|Any CPU
		{1EFE6FDA-5374-A939-AC53-C47F7517FCE3}.Debug|Any CPU.Build.0 = Debug|Any CPU
		{1EFE6FDA-5374-A939-AC53-C47F7517FCE3}.Release|Any CPU.ActiveCfg = Release|Any CPU
		{1EFE6FDA-5374-A939-AC53-C47F7517FCE3}.Release|Any CPU.Build.0 = Release|Any CPU
		{599E1A92-6558-49B5-026D-E55852AE9D23}.Debug|Any CPU.ActiveCfg = Debug|Any CPU
		{599E1A92-6558-49B5-026D-E55852AE9D23}.Debug|Any CPU.Build.0 = Debug|Any CPU
		{599E1A92-6558-49B5-026D-E55852AE9D23}.Release|Any CPU.ActiveCfg = Release|Any CPU
		{599E1A92-6558-49B5-026D-E55852AE9D23}.Release|Any CPU.Build.0 = Release|Any CPU
		{1066511C-7E0A-58DB-DAFE-3A8CE8781F46}.Debug|Any CPU.ActiveCfg = Debug|Any CPU
		{1066511C-7E0A-58DB-DAFE-3A8CE8781F46}.Debug|Any CPU.Build.0 = Debug|Any CPU
		{1066511C-7E0A-58DB-DAFE-3A8CE8781F46}.Release|Any CPU.ActiveCfg = Release|Any CPU
		{1066511C-7E0A-58DB-DAFE-3A8CE8781F46}.Release|Any CPU.Build.0 = Release|Any CPU
		{2C67D4D2-3A71-6FD4-82F8-C239C1E4C709}.Debug|Any CPU.ActiveCfg = Debug|Any CPU
		{2C67D4D2-3A71-6FD4-82F8-C239C1E4C709}.Debug|Any CPU.Build.0 = Debug|Any CPU
		{2C67D4D2-3A71-6FD4-82F8-C239C1E4C709}.Release|Any CPU.ActiveCfg = Release|Any CPU
		{2C67D4D2-3A71-6FD4-82F8-C239C1E4C709}.Release|Any CPU.Build.0 = Release|Any CPU
		{89E850FB-AE1A-6938-6EF6-DD6A504DC8A9}.Debug|Any CPU.ActiveCfg = Debug|Any CPU
		{89E850FB-AE1A-6938-6EF6-DD6A504DC8A9}.Debug|Any CPU.Build.0 = Debug|Any CPU
		{89E850FB-AE1A-6938-6EF6-DD6A504DC8A9}.Release|Any CPU.ActiveCfg = Release|Any CPU
		{89E850FB-AE1A-6938-6EF6-DD6A504DC8A9}.Release|Any CPU.Build.0 = Release|Any CPU
		{20E2869C-2326-2B34-AC02-8A09E7B50621}.Debug|Any CPU.ActiveCfg = Debug|Any CPU
		{20E2869C-2326-2B34-AC02-8A09E7B50621}.Debug|Any CPU.Build.0 = Debug|Any CPU
		{20E2869C-2326-2B34-AC02-8A09E7B50621}.Release|Any CPU.ActiveCfg = Release|Any CPU
		{20E2869C-2326-2B34-AC02-8A09E7B50621}.Release|Any CPU.Build.0 = Release|Any CPU
		{4B67A37B-3830-9475-E60C-3A1D8E673683}.Debug|Any CPU.ActiveCfg = Debug|Any CPU
		{4B67A37B-3830-9475-E60C-3A1D8E673683}.Debug|Any CPU.Build.0 = Debug|Any CPU
		{4B67A37B-3830-9475-E60C-3A1D8E673683}.Release|Any CPU.ActiveCfg = Release|Any CPU
		{4B67A37B-3830-9475-E60C-3A1D8E673683}.Release|Any CPU.Build.0 = Release|Any CPU
		{B20A3C3B-5B1D-C2F8-617B-DF63367DE278}.Debug|Any CPU.ActiveCfg = Debug|Any CPU
		{B20A3C3B-5B1D-C2F8-617B-DF63367DE278}.Debug|Any CPU.Build.0 = Debug|Any CPU
		{B20A3C3B-5B1D-C2F8-617B-DF63367DE278}.Release|Any CPU.ActiveCfg = Release|Any CPU
		{B20A3C3B-5B1D-C2F8-617B-DF63367DE278}.Release|Any CPU.Build.0 = Release|Any CPU
		{07BF93E0-5D3E-F43A-954E-52350F25B2C7}.Debug|Any CPU.ActiveCfg = Debug|Any CPU
		{07BF93E0-5D3E-F43A-954E-52350F25B2C7}.Debug|Any CPU.Build.0 = Debug|Any CPU
		{07BF93E0-5D3E-F43A-954E-52350F25B2C7}.Release|Any CPU.ActiveCfg = Release|Any CPU
		{07BF93E0-5D3E-F43A-954E-52350F25B2C7}.Release|Any CPU.Build.0 = Release|Any CPU
		{BC55F4E8-8120-16F1-1DE0-1E7F8CBA622B}.Debug|Any CPU.ActiveCfg = Debug|Any CPU
		{BC55F4E8-8120-16F1-1DE0-1E7F8CBA622B}.Debug|Any CPU.Build.0 = Debug|Any CPU
		{BC55F4E8-8120-16F1-1DE0-1E7F8CBA622B}.Release|Any CPU.ActiveCfg = Release|Any CPU
		{BC55F4E8-8120-16F1-1DE0-1E7F8CBA622B}.Release|Any CPU.Build.0 = Release|Any CPU
		{22A7B325-E652-E10D-7264-3CA702D15884}.Debug|Any CPU.ActiveCfg = Debug|Any CPU
		{22A7B325-E652-E10D-7264-3CA702D15884}.Debug|Any CPU.Build.0 = Debug|Any CPU
		{22A7B325-E652-E10D-7264-3CA702D15884}.Release|Any CPU.ActiveCfg = Release|Any CPU
		{22A7B325-E652-E10D-7264-3CA702D15884}.Release|Any CPU.Build.0 = Release|Any CPU
		{5AC0C0B4-68E1-0263-7C98-CC40AACB94C4}.Debug|Any CPU.ActiveCfg = Debug|Any CPU
		{5AC0C0B4-68E1-0263-7C98-CC40AACB94C4}.Debug|Any CPU.Build.0 = Debug|Any CPU
		{5AC0C0B4-68E1-0263-7C98-CC40AACB94C4}.Release|Any CPU.ActiveCfg = Release|Any CPU
		{5AC0C0B4-68E1-0263-7C98-CC40AACB94C4}.Release|Any CPU.Build.0 = Release|Any CPU
		{CCD87C0D-001A-E59B-1F4E-94B35165C641}.Debug|Any CPU.ActiveCfg = Debug|Any CPU
		{CCD87C0D-001A-E59B-1F4E-94B35165C641}.Debug|Any CPU.Build.0 = Debug|Any CPU
		{CCD87C0D-001A-E59B-1F4E-94B35165C641}.Release|Any CPU.ActiveCfg = Release|Any CPU
		{CCD87C0D-001A-E59B-1F4E-94B35165C641}.Release|Any CPU.Build.0 = Release|Any CPU
		{96ADCAAD-947B-E8E4-B59A-9F742DC0B65A}.Debug|Any CPU.ActiveCfg = Debug|Any CPU
		{96ADCAAD-947B-E8E4-B59A-9F742DC0B65A}.Debug|Any CPU.Build.0 = Debug|Any CPU
		{96ADCAAD-947B-E8E4-B59A-9F742DC0B65A}.Release|Any CPU.ActiveCfg = Release|Any CPU
		{96ADCAAD-947B-E8E4-B59A-9F742DC0B65A}.Release|Any CPU.Build.0 = Release|Any CPU
		{9D9A7CA1-14D1-790E-CBBA-A06BDC5313ED}.Debug|Any CPU.ActiveCfg = Debug|Any CPU
		{9D9A7CA1-14D1-790E-CBBA-A06BDC5313ED}.Debug|Any CPU.Build.0 = Debug|Any CPU
		{9D9A7CA1-14D1-790E-CBBA-A06BDC5313ED}.Release|Any CPU.ActiveCfg = Release|Any CPU
		{9D9A7CA1-14D1-790E-CBBA-A06BDC5313ED}.Release|Any CPU.Build.0 = Release|Any CPU
		{96A72ECA-7291-2825-D34F-C4C768CE7E67}.Debug|Any CPU.ActiveCfg = Debug|Any CPU
		{96A72ECA-7291-2825-D34F-C4C768CE7E67}.Debug|Any CPU.Build.0 = Debug|Any CPU
		{96A72ECA-7291-2825-D34F-C4C768CE7E67}.Release|Any CPU.ActiveCfg = Release|Any CPU
		{96A72ECA-7291-2825-D34F-C4C768CE7E67}.Release|Any CPU.Build.0 = Release|Any CPU
		{88BB9628-F379-3536-89AC-C9602CAD1D70}.Debug|Any CPU.ActiveCfg = Debug|Any CPU
		{88BB9628-F379-3536-89AC-C9602CAD1D70}.Debug|Any CPU.Build.0 = Debug|Any CPU
		{88BB9628-F379-3536-89AC-C9602CAD1D70}.Release|Any CPU.ActiveCfg = Release|Any CPU
		{88BB9628-F379-3536-89AC-C9602CAD1D70}.Release|Any CPU.Build.0 = Release|Any CPU
		{36CF2B85-1485-3A61-A852-72E7A50FC644}.Debug|Any CPU.ActiveCfg = Debug|Any CPU
		{36CF2B85-1485-3A61-A852-72E7A50FC644}.Debug|Any CPU.Build.0 = Debug|Any CPU
		{36CF2B85-1485-3A61-A852-72E7A50FC644}.Release|Any CPU.ActiveCfg = Release|Any CPU
		{36CF2B85-1485-3A61-A852-72E7A50FC644}.Release|Any CPU.Build.0 = Release|Any CPU
		{AE006E9F-85EA-A94F-AE08-7D8A492232FE}.Debug|Any CPU.ActiveCfg = Debug|Any CPU
		{AE006E9F-85EA-A94F-AE08-7D8A492232FE}.Debug|Any CPU.Build.0 = Debug|Any CPU
		{AE006E9F-85EA-A94F-AE08-7D8A492232FE}.Release|Any CPU.ActiveCfg = Release|Any CPU
		{AE006E9F-85EA-A94F-AE08-7D8A492232FE}.Release|Any CPU.Build.0 = Release|Any CPU
		{31446ECD-C6CC-A310-7EE1-74DF403846EF}.Debug|Any CPU.ActiveCfg = Debug|Any CPU
		{31446ECD-C6CC-A310-7EE1-74DF403846EF}.Debug|Any CPU.Build.0 = Debug|Any CPU
		{31446ECD-C6CC-A310-7EE1-74DF403846EF}.Release|Any CPU.ActiveCfg = Release|Any CPU
		{31446ECD-C6CC-A310-7EE1-74DF403846EF}.Release|Any CPU.Build.0 = Release|Any CPU
		{6C77AC76-6375-9DD6-DAF7-C6D6CF999C6D}.Debug|Any CPU.ActiveCfg = Debug|Any CPU
		{6C77AC76-6375-9DD6-DAF7-C6D6CF999C6D}.Debug|Any CPU.Build.0 = Debug|Any CPU
		{6C77AC76-6375-9DD6-DAF7-C6D6CF999C6D}.Release|Any CPU.ActiveCfg = Release|Any CPU
		{6C77AC76-6375-9DD6-DAF7-C6D6CF999C6D}.Release|Any CPU.Build.0 = Release|Any CPU
		{2314096D-6821-5872-C8B4-FD7A87D8CF91}.Debug|Any CPU.ActiveCfg = Debug|Any CPU
		{2314096D-6821-5872-C8B4-FD7A87D8CF91}.Debug|Any CPU.Build.0 = Debug|Any CPU
		{2314096D-6821-5872-C8B4-FD7A87D8CF91}.Release|Any CPU.ActiveCfg = Release|Any CPU
		{2314096D-6821-5872-C8B4-FD7A87D8CF91}.Release|Any CPU.Build.0 = Release|Any CPU
		{25D3F578-4DE3-DC7E-E6F0-1316BD17108A}.Debug|Any CPU.ActiveCfg = Debug|Any CPU
		{25D3F578-4DE3-DC7E-E6F0-1316BD17108A}.Debug|Any CPU.Build.0 = Debug|Any CPU
		{25D3F578-4DE3-DC7E-E6F0-1316BD17108A}.Release|Any CPU.ActiveCfg = Release|Any CPU
		{25D3F578-4DE3-DC7E-E6F0-1316BD17108A}.Release|Any CPU.Build.0 = Release|Any CPU
		{2613DE92-1C2E-1F8E-F99E-962741169241}.Debug|Any CPU.ActiveCfg = Debug|Any CPU
		{2613DE92-1C2E-1F8E-F99E-962741169241}.Debug|Any CPU.Build.0 = Debug|Any CPU
		{2613DE92-1C2E-1F8E-F99E-962741169241}.Release|Any CPU.ActiveCfg = Release|Any CPU
		{2613DE92-1C2E-1F8E-F99E-962741169241}.Release|Any CPU.Build.0 = Release|Any CPU
		{D2E3045A-29E7-9B8D-7E4B-A13371C2DB9C}.Debug|Any CPU.ActiveCfg = Debug|Any CPU
		{D2E3045A-29E7-9B8D-7E4B-A13371C2DB9C}.Debug|Any CPU.Build.0 = Debug|Any CPU
		{D2E3045A-29E7-9B8D-7E4B-A13371C2DB9C}.Release|Any CPU.ActiveCfg = Release|Any CPU
		{D2E3045A-29E7-9B8D-7E4B-A13371C2DB9C}.Release|Any CPU.Build.0 = Release|Any CPU
		{EEE99E28-7A2F-979E-365D-3353787B8BBD}.Debug|Any CPU.ActiveCfg = Debug|Any CPU
		{EEE99E28-7A2F-979E-365D-3353787B8BBD}.Debug|Any CPU.Build.0 = Debug|Any CPU
		{EEE99E28-7A2F-979E-365D-3353787B8BBD}.Release|Any CPU.ActiveCfg = Release|Any CPU
		{EEE99E28-7A2F-979E-365D-3353787B8BBD}.Release|Any CPU.Build.0 = Release|Any CPU
		{C1690553-6D2E-CC37-28D1-C0540934B7DD}.Debug|Any CPU.ActiveCfg = Debug|Any CPU
		{C1690553-6D2E-CC37-28D1-C0540934B7DD}.Debug|Any CPU.Build.0 = Debug|Any CPU
		{C1690553-6D2E-CC37-28D1-C0540934B7DD}.Release|Any CPU.ActiveCfg = Release|Any CPU
		{C1690553-6D2E-CC37-28D1-C0540934B7DD}.Release|Any CPU.Build.0 = Release|Any CPU
		{037634EE-D6FB-F934-E5FB-0B95B888397E}.Debug|Any CPU.ActiveCfg = Debug|Any CPU
		{037634EE-D6FB-F934-E5FB-0B95B888397E}.Debug|Any CPU.Build.0 = Debug|Any CPU
		{037634EE-D6FB-F934-E5FB-0B95B888397E}.Release|Any CPU.ActiveCfg = Release|Any CPU
		{037634EE-D6FB-F934-E5FB-0B95B888397E}.Release|Any CPU.Build.0 = Release|Any CPU
		{E89BBD8B-05A1-741F-D317-455223197130}.Debug|Any CPU.ActiveCfg = Debug|Any CPU
		{E89BBD8B-05A1-741F-D317-455223197130}.Debug|Any CPU.Build.0 = Debug|Any CPU
		{E89BBD8B-05A1-741F-D317-455223197130}.Release|Any CPU.ActiveCfg = Release|Any CPU
		{E89BBD8B-05A1-741F-D317-455223197130}.Release|Any CPU.Build.0 = Release|Any CPU
		{20E99733-9CAE-9C84-3398-BD01E81BFCF3}.Debug|Any CPU.ActiveCfg = Debug|Any CPU
		{20E99733-9CAE-9C84-3398-BD01E81BFCF3}.Debug|Any CPU.Build.0 = Debug|Any CPU
		{20E99733-9CAE-9C84-3398-BD01E81BFCF3}.Release|Any CPU.ActiveCfg = Release|Any CPU
		{20E99733-9CAE-9C84-3398-BD01E81BFCF3}.Release|Any CPU.Build.0 = Release|Any CPU
		{5E5BE945-6896-1FC2-E78B-A374576C9023}.Debug|Any CPU.ActiveCfg = Debug|Any CPU
		{5E5BE945-6896-1FC2-E78B-A374576C9023}.Debug|Any CPU.Build.0 = Debug|Any CPU
		{5E5BE945-6896-1FC2-E78B-A374576C9023}.Release|Any CPU.ActiveCfg = Release|Any CPU
		{5E5BE945-6896-1FC2-E78B-A374576C9023}.Release|Any CPU.Build.0 = Release|Any CPU
		{2B813BDD-F1AF-150F-323F-FF960958AC61}.Debug|Any CPU.ActiveCfg = Debug|Any CPU
		{2B813BDD-F1AF-150F-323F-FF960958AC61}.Debug|Any CPU.Build.0 = Debug|Any CPU
		{2B813BDD-F1AF-150F-323F-FF960958AC61}.Release|Any CPU.ActiveCfg = Release|Any CPU
		{2B813BDD-F1AF-150F-323F-FF960958AC61}.Release|Any CPU.Build.0 = Release|Any CPU
		{DB3585F0-C0A3-3E73-FAA1-9A91B61DAF19}.Debug|Any CPU.ActiveCfg = Debug|Any CPU
		{DB3585F0-C0A3-3E73-FAA1-9A91B61DAF19}.Debug|Any CPU.Build.0 = Debug|Any CPU
		{DB3585F0-C0A3-3E73-FAA1-9A91B61DAF19}.Release|Any CPU.ActiveCfg = Release|Any CPU
		{DB3585F0-C0A3-3E73-FAA1-9A91B61DAF19}.Release|Any CPU.Build.0 = Release|Any CPU
		{C9920882-240C-2BC9-1620-64637D3F8237}.Debug|Any CPU.ActiveCfg = Debug|Any CPU
		{C9920882-240C-2BC9-1620-64637D3F8237}.Debug|Any CPU.Build.0 = Debug|Any CPU
		{C9920882-240C-2BC9-1620-64637D3F8237}.Release|Any CPU.ActiveCfg = Release|Any CPU
		{C9920882-240C-2BC9-1620-64637D3F8237}.Release|Any CPU.Build.0 = Release|Any CPU
		{128B1B25-5C67-5E43-CCD6-4D5F6182F34D}.Debug|Any CPU.ActiveCfg = Debug|Any CPU
		{128B1B25-5C67-5E43-CCD6-4D5F6182F34D}.Debug|Any CPU.Build.0 = Debug|Any CPU
		{128B1B25-5C67-5E43-CCD6-4D5F6182F34D}.Release|Any CPU.ActiveCfg = Release|Any CPU
		{128B1B25-5C67-5E43-CCD6-4D5F6182F34D}.Release|Any CPU.Build.0 = Release|Any CPU
	EndGlobalSection
	GlobalSection(SolutionProperties) = preSolution
		HideSolutionNode = FALSE
	EndGlobalSection
EndGlobal
